
Microsoft Visual Studio Solution File, Format Version 12.00
# Visual Studio Version 17
VisualStudioVersion = 17.14.36518.9
MinimumVisualStudioVersion = 10.0.40219.1
Project("{FAE04EC0-301F-11D3-BF4B-00C04F79EFBC}") = "S12_FUNAL_TEORIA_ARREGLO_UNIDIMENSIONAL", "S12_FUNAL_TEORIA_ARREGLO_UNIDIMENSIONAL\S12_FUNAL_TEORIA_ARREGLO_UNIDIMENSIONAL.csproj", "{55BA9EE7-08E0-4280-8E86-BD82A0118830}"
EndProject
Project("{888888A0-9F3D-457C-B088-3A5042F75D52}") = "S12_FUNAL_TEORIA_ARREGLO_UNIDIMENSIONAL_PY", "S12_FUNAL_TEORIA_ARREGLO_UNIDIMENSIONAL_PY\S12_FUNAL_TEORIA_ARREGLO_UNIDIMENSIONAL_PY.pyproj", "{A90BF165-F4A2-4383-A16F-35EC33C10EFD}"
EndProject
Project("{FAE04EC0-301F-11D3-BF4B-00C04F79EFBC}") = "7S_FUNAL_TEORIA", "7S_FUNAL_TEORIA\7S_FUNAL_TEORIA.csproj", "{6B19202C-336C-4303-AB77-9E608986FBC6}"
EndProject
Project("{FAE04EC0-301F-11D3-BF4B-00C04F79EFBC}") = "8S_FUNAL_TEORIA", "8S_FUNAL_TEORIA\8S_FUNAL_TEORIA.csproj", "{752E921B-A433-4BB7-B6F3-3EC4B9EA9496}"
EndProject
Project("{FAE04EC0-301F-11D3-BF4B-00C04F79EFBC}") = "9S_FUNAL_TEORIA", "9S_FUNAL_TEORIA\9S_FUNAL_TEORIA.csproj", "{BB0E9386-91EA-4FF9-A5D6-60EB9F4E192F}"
EndProject
Project("{FAE04EC0-301F-11D3-BF4B-00C04F79EFBC}") = "9S_FUNAL_TEORIA_BIBLIOTECA", "9S_FUNAL_TEORIA_BIBLIOTECA\9S_FUNAL_TEORIA_BIBLIOTECA.csproj", "{8E1B2FBC-B501-4F0B-B17F-484A779799CD}"
EndProject
Project("{FAE04EC0-301F-11D3-BF4B-00C04F79EFBC}") = "S11_FUNAL_TEORIA_CASO_1", "S11_FUNAL_TEORIA_CASO_1\S11_FUNAL_TEORIA_CASO_1.csproj", "{610D76EC-C63C-4EC1-AAB9-2E221589816C}"
EndProject
Project("{FAE04EC0-301F-11D3-BF4B-00C04F79EFBC}") = "S14_FUNAL_TEORIA_CASOS_CARACTERES", "S14_FUNAL_TEORIA_CASOS_CARACTERES\S14_FUNAL_TEORIA_CASOS_CARACTERES.csproj", "{7B5495AF-9043-44DD-94BF-265687F9D8BB}"
EndProject
Project("{888888A0-9F3D-457C-B088-3A5042F75D52}") = "S14_FUNAL_TEORIA_CASOS_CARACTERES_PY", "S14_FUNAL_TEORIA_CASOS_CARACTERES_PY\S14_FUNAL_TEORIA_CASOS_CARACTERES_PY.pyproj", "{CE69C3A6-64F1-4527-B111-D4468D76FEF4}"
EndProject
Project("{FAE04EC0-301F-11D3-BF4B-00C04F79EFBC}") = "S15_FUNAL_TEORIA_ARREGLOS_BIDIMENSIONALES", "S15_FUNAL_TEORIA_ARREGLOS_BIDIMENSIONALES\S15_FUNAL_TEORIA_ARREGLOS_BIDIMENSIONALES.csproj", "{29717691-6120-444B-95B8-A9313DD6B643}"
EndProject
Project("{888888A0-9F3D-457C-B088-3A5042F75D52}") = "S15_FUNAL_TEORIA_ARREGLOS_BIDIMENSIONALES_PY", "S15_FUNAL_TEORIA_ARREGLOS_BIDIMENSIONALES_PY\S15_FUNAL_TEORIA_ARREGLOS_BIDIMENSIONALES_PY.pyproj", "{96D6CE3C-B77E-4825-883E-A27E4FBD4187}"
EndProject
Global
	GlobalSection(SolutionConfigurationPlatforms) = preSolution
		Debug|Any CPU = Debug|Any CPU
		Release|Any CPU = Release|Any CPU
	EndGlobalSection
	GlobalSection(ProjectConfigurationPlatforms) = postSolution
		{55BA9EE7-08E0-4280-8E86-BD82A0118830}.Debug|Any CPU.ActiveCfg = Debug|Any CPU
		{55BA9EE7-08E0-4280-8E86-BD82A0118830}.Debug|Any CPU.Build.0 = Debug|Any CPU
		{55BA9EE7-08E0-4280-8E86-BD82A0118830}.Release|Any CPU.ActiveCfg = Release|Any CPU
		{55BA9EE7-08E0-4280-8E86-BD82A0118830}.Release|Any CPU.Build.0 = Release|Any CPU
		{A90BF165-F4A2-4383-A16F-35EC33C10EFD}.Debug|Any CPU.ActiveCfg = Debug|Any CPU
		{A90BF165-F4A2-4383-A16F-35EC33C10EFD}.Release|Any CPU.ActiveCfg = Release|Any CPU
		{6B19202C-336C-4303-AB77-9E608986FBC6}.Debug|Any CPU.ActiveCfg = Debug|Any CPU
		{6B19202C-336C-4303-AB77-9E608986FBC6}.Debug|Any CPU.Build.0 = Debug|Any CPU
		{6B19202C-336C-4303-AB77-9E608986FBC6}.Release|Any CPU.ActiveCfg = Release|Any CPU
		{6B19202C-336C-4303-AB77-9E608986FBC6}.Release|Any CPU.Build.0 = Release|Any CPU
		{752E921B-A433-4BB7-B6F3-3EC4B9EA9496}.Debug|Any CPU.ActiveCfg = Debug|Any CPU
		{752E921B-A433-4BB7-B6F3-3EC4B9EA9496}.Debug|Any CPU.Build.0 = Debug|Any CPU
		{752E921B-A433-4BB7-B6F3-3EC4B9EA9496}.Release|Any CPU.ActiveCfg = Release|Any CPU
		{752E921B-A433-4BB7-B6F3-3EC4B9EA9496}.Release|Any CPU.Build.0 = Release|Any CPU
		{BB0E9386-91EA-4FF9-A5D6-60EB9F4E192F}.Debug|Any CPU.ActiveCfg = Debug|Any CPU
		{BB0E9386-91EA-4FF9-A5D6-60EB9F4E192F}.Debug|Any CPU.Build.0 = Debug|Any CPU
		{BB0E9386-91EA-4FF9-A5D6-60EB9F4E192F}.Release|Any CPU.ActiveCfg = Release|Any CPU
		{BB0E9386-91EA-4FF9-A5D6-60EB9F4E192F}.Release|Any CPU.Build.0 = Release|Any CPU
		{8E1B2FBC-B501-4F0B-B17F-484A779799CD}.Debug|Any CPU.ActiveCfg = Debug|Any CPU
		{8E1B2FBC-B501-4F0B-B17F-484A779799CD}.Debug|Any CPU.Build.0 = Debug|Any CPU
		{8E1B2FBC-B501-4F0B-B17F-484A779799CD}.Release|Any CPU.ActiveCfg = Release|Any CPU
		{8E1B2FBC-B501-4F0B-B17F-484A779799CD}.Release|Any CPU.Build.0 = Release|Any CPU
		{610D76EC-C63C-4EC1-AAB9-2E221589816C}.Debug|Any CPU.ActiveCfg = Debug|Any CPU
		{610D76EC-C63C-4EC1-AAB9-2E221589816C}.Debug|Any CPU.Build.0 = Debug|Any CPU
		{610D76EC-C63C-4EC1-AAB9-2E221589816C}.Release|Any CPU.ActiveCfg = Release|Any CPU
		{610D76EC-C63C-4EC1-AAB9-2E221589816C}.Release|Any CPU.Build.0 = Release|Any CPU
		{7B5495AF-9043-44DD-94BF-265687F9D8BB}.Debug|Any CPU.ActiveCfg = Debug|Any CPU
		{7B5495AF-9043-44DD-94BF-265687F9D8BB}.Debug|Any CPU.Build.0 = Debug|Any CPU
		{7B5495AF-9043-44DD-94BF-265687F9D8BB}.Release|Any CPU.ActiveCfg = Release|Any CPU
		{7B5495AF-9043-44DD-94BF-265687F9D8BB}.Release|Any CPU.Build.0 = Release|Any CPU
		{CE69C3A6-64F1-4527-B111-D4468D76FEF4}.Debug|Any CPU.ActiveCfg = Debug|Any CPU
		{CE69C3A6-64F1-4527-B111-D4468D76FEF4}.Release|Any CPU.ActiveCfg = Release|Any CPU
		{29717691-6120-444B-95B8-A9313DD6B643}.Debug|Any CPU.ActiveCfg = Debug|Any CPU
		{29717691-6120-444B-95B8-A9313DD6B643}.Debug|Any CPU.Build.0 = Debug|Any CPU
		{29717691-6120-444B-95B8-A9313DD6B643}.Release|Any CPU.ActiveCfg = Release|Any CPU
		{29717691-6120-444B-95B8-A9313DD6B643}.Release|Any CPU.Build.0 = Release|Any CPU
		{96D6CE3C-B77E-4825-883E-A27E4FBD4187}.Debug|Any CPU.ActiveCfg = Debug|Any CPU
		{96D6CE3C-B77E-4825-883E-A27E4FBD4187}.Release|Any CPU.ActiveCfg = Release|Any CPU
	EndGlobalSection
	GlobalSection(SolutionProperties) = preSolution
		HideSolutionNode = FALSE
	EndGlobalSection
	GlobalSection(ExtensibilityGlobals) = postSolution
		SolutionGuid = {2B3D3421-815C-431A-AAC6-9ED91FBB1AC5}
	EndGlobalSection
EndGlobal
